
Microsoft Visual Studio Solution File, Format Version 12.00
# Visual Studio 15
VisualStudioVersion = 15.0.28307.852
MinimumVisualStudioVersion = 10.0.40219.1
Project("{FAE04EC0-301F-11D3-BF4B-00C04F79EFBC}") = "OrderManagement", "OrderManagement\OrderManagement.csproj", "{6D1B59B0-5B0D-4BA7-9B6C-0AB22D6C49C1}"
EndProject
Project("{FAE04EC0-301F-11D3-BF4B-00C04F79EFBC}") = "OrderManagementTests", "OrderManagementTests\OrderManagementTests.csproj", "{0AF2EBA5-0CB7-4CCD-82DA-7F6F3366C51A}"
EndProject
Global
	GlobalSection(SolutionConfigurationPlatforms) = preSolution
		Debug|Any CPU = Debug|Any CPU
		Release|Any CPU = Release|Any CPU
	EndGlobalSection
	GlobalSection(ProjectConfigurationPlatforms) = postSolution
		{6D1B59B0-5B0D-4BA7-9B6C-0AB22D6C49C1}.Debug|Any CPU.ActiveCfg = Debug|Any CPU
		{6D1B59B0-5B0D-4BA7-9B6C-0AB22D6C49C1}.Debug|Any CPU.Build.0 = Debug|Any CPU
		{6D1B59B0-5B0D-4BA7-9B6C-0AB22D6C49C1}.Release|Any CPU.ActiveCfg = Release|Any CPU
		{6D1B59B0-5B0D-4BA7-9B6C-0AB22D6C49C1}.Release|Any CPU.Build.0 = Release|Any CPU
		{0AF2EBA5-0CB7-4CCD-82DA-7F6F3366C51A}.Debug|Any CPU.ActiveCfg = Debug|Any CPU
		{0AF2EBA5-0CB7-4CCD-82DA-7F6F3366C51A}.Debug|Any CPU.Build.0 = Debug|Any CPU
		{0AF2EBA5-0CB7-4CCD-82DA-7F6F3366C51A}.Release|Any CPU.ActiveCfg = Release|Any CPU
		{0AF2EBA5-0CB7-4CCD-82DA-7F6F3366C51A}.Release|Any CPU.Build.0 = Release|Any CPU
	EndGlobalSection
	GlobalSection(SolutionProperties) = preSolution
		HideSolutionNode = FALSE
	EndGlobalSection
	GlobalSection(ExtensibilityGlobals) = postSolution
		SolutionGuid = {8F1AE540-1B97-4134-A810-7206CCBFB8FC}
	EndGlobalSection
EndGlobal
