
Microsoft Visual Studio Solution File, Format Version 12.00
# Visual Studio Version 16
VisualStudioVersion = 16.0.29613.14
MinimumVisualStudioVersion = 10.0.40219.1
Project("{FAE04EC0-301F-11D3-BF4B-00C04F79EFBC}") = "HomeWork2", "HomeWork2\HomeWork2.csproj", "{CF2128F8-AE98-4CDE-A6F4-637F4668429E}"
EndProject
Global
	GlobalSection(SolutionConfigurationPlatforms) = preSolution
		Debug|Any CPU = Debug|Any CPU
		Release|Any CPU = Release|Any CPU
	EndGlobalSection
	GlobalSection(ProjectConfigurationPlatforms) = postSolution
		{CF2128F8-AE98-4CDE-A6F4-637F4668429E}.Debug|Any CPU.ActiveCfg = Debug|Any CPU
		{CF2128F8-AE98-4CDE-A6F4-637F4668429E}.Debug|Any CPU.Build.0 = Debug|Any CPU
		{CF2128F8-AE98-4CDE-A6F4-637F4668429E}.Release|Any CPU.ActiveCfg = Release|Any CPU
		{CF2128F8-AE98-4CDE-A6F4-637F4668429E}.Release|Any CPU.Build.0 = Release|Any CPU
	EndGlobalSection
	GlobalSection(SolutionProperties) = preSolution
		HideSolutionNode = FALSE
	EndGlobalSection
	GlobalSection(ExtensibilityGlobals) = postSolution
		SolutionGuid = {346F8E1A-DAA1-4FF8-B2C3-2E8126A8F6F9}
	EndGlobalSection
EndGlobal
